{
  "name": "conflip",
  "version": "1.0.0",
  "lockfileVersion": 2,
  "requires": true,
  "packages": {
    "": {
      "name": "conflip",
      "version": "1.0.0",
      "license": "SEE LICENSE IN LICENSE",
      "dependencies": {
        "minimist": "^1.2.6",
        "minimst": "^0.0.1-security"
      }
    },
    "node_modules/minimist": {
      "version": "1.2.6",
      "resolved": "https://registry.npmjs.org/minimist/-/minimist-1.2.6.tgz",
      "integrity": "sha512-Jsjnk4bw3YJqYzbdyBiNsPWHPfO++UGG749Cxs6peCu5Xg4nrena6OVxOYxrQTqww0Jmwt+Ref8rggumkTLz9Q=="
    },
    "node_modules/minimst": {
      "version": "0.0.1-security",
      "resolved": "https://registry.npmjs.org/minimst/-/minimst-0.0.1-security.tgz",
      "integrity": "sha512-2cCmYInODaDezdSO+DmpDBHLJW84rH4URsLNi1h9kfjWdK7zgydQy2w3cSsRCNfN+FnXOF/m6rErGkiasWyrdQ=="
    }
  },
  "dependencies": {
    "minimist": {
      "version": "1.2.6",
      "resolved": "https://registry.npmjs.org/minimist/-/minimist-1.2.6.tgz",
      "integrity": "sha512-Jsjnk4bw3YJqYzbdyBiNsPWHPfO++UGG749Cxs6peCu5Xg4nrena6OVxOYxrQTqww0Jmwt+Ref8rggumkTLz9Q=="
    },
    "minimst": {
      "version": "0.0.1-security",
      "resolved": "https://registry.npmjs.org/minimst/-/minimst-0.0.1-security.tgz",
      "integrity": "sha512-2cCmYInODaDezdSO+DmpDBHLJW84rH4URsLNi1h9kfjWdK7zgydQy2w3cSsRCNfN+FnXOF/m6rErGkiasWyrdQ=="
    }
  }
}
